
Microsoft Visual Studio Solution File, Format Version 12.00
# Visual Studio Version 17
VisualStudioVersion = 17.3.32804.467
MinimumVisualStudioVersion = 10.0.40219.1
Project("{FAE04EC0-301F-11D3-BF4B-00C04F79EFBC}") = "myfeeverr", "myfeeverr\myfeeverr.csproj", "{21A87EEF-EC84-479F-84A6-6FF264E6C0FC}"
EndProject
Global
	GlobalSection(SolutionConfigurationPlatforms) = preSolution
		Debug|Any CPU = Debug|Any CPU
		Release|Any CPU = Release|Any CPU
	EndGlobalSection
	GlobalSection(ProjectConfigurationPlatforms) = postSolution
		{21A87EEF-EC84-479F-84A6-6FF264E6C0FC}.Debug|Any CPU.ActiveCfg = Debug|Any CPU
		{21A87EEF-EC84-479F-84A6-6FF264E6C0FC}.Debug|Any CPU.Build.0 = Debug|Any CPU
		{21A87EEF-EC84-479F-84A6-6FF264E6C0FC}.Release|Any CPU.ActiveCfg = Release|Any CPU
		{21A87EEF-EC84-479F-84A6-6FF264E6C0FC}.Release|Any CPU.Build.0 = Release|Any CPU
	EndGlobalSection
	GlobalSection(SolutionProperties) = preSolution
		HideSolutionNode = FALSE
	EndGlobalSection
	GlobalSection(ExtensibilityGlobals) = postSolution
		SolutionGuid = {7277D7E9-E636-4505-A606-7366503D8F47}
	EndGlobalSection
EndGlobal
